Microsoft Visual Studio Solution File, Format Version 8.00
Project("{8BC9CEB8-8B4A-11D0-8D11-00A0C91BC942}") = "DotNetCppDS", "DotNetCppDS.vcproj", "{C06968D5-907F-454D-8C5A-8A4A4A502AFB}"
	ProjectSection(ProjectDependencies) = postProject
	EndProjectSection
EndProject
Global
	GlobalSection(SolutionConfiguration) = preSolution
		Debug = Debug
		Release = Release
	EndGlobalSection
	GlobalSection(ProjectConfiguration) = postSolution
		{C06968D5-907F-454D-8C5A-8A4A4A502AFB}.Debug.ActiveCfg = Debug|Win32
		{C06968D5-907F-454D-8C5A-8A4A4A502AFB}.Debug.Build.0 = Debug|Win32
		{C06968D5-907F-454D-8C5A-8A4A4A502AFB}.Release.ActiveCfg = Release|Win32
		{C06968D5-907F-454D-8C5A-8A4A4A502AFB}.Release.Build.0 = Release|Win32
	EndGlobalSection
	GlobalSection(ExtensibilityGlobals) = postSolution
	EndGlobalSection
	GlobalSection(ExtensibilityAddIns) = postSolution
	EndGlobalSection
EndGlobal
